{
  "version": 4,
  "terraform_version": "1.4.5",
  "serial": 44,
  "lineage": "a48c1af5-de95-1ebf-922c-9dd01de7c844",
  "outputs": {},
  "resources": [
    {
      "mode": "managed",
      "type": "aws_iam_policy",
      "name": "interview_bot_policy",
      "provider": "provider[\"registry.terraform.io/hashicorp/aws\"]",
      "instances": [
        {
          "schema_version": 0,
          "attributes": {
            "arn": "arn:aws:iam::834755374850:policy/interview-bot-policy",
            "description": "Policy to allow the interview-bot role to read the secret",
            "id": "arn:aws:iam::834755374850:policy/interview-bot-policy",
            "name": "interview-bot-policy",
            "name_prefix": "",
            "path": "/",
            "policy": "{\"Statement\":[{\"Action\":[\"secretsmanager:GetSecretValue\"],\"Effect\":\"Allow\",\"Resource\":\"arn:aws:secretsmanager:us-west-2:834755374850:secret:extend-interview/Asharib1221-qwITfw\"}],\"Version\":\"2012-10-17\"}",
            "policy_id": "ANPA4EW2MF4BGAPHUZVHA",
            "tags": {},
            "tags_all": {}
          },
          "sensitive_attributes": [],
          "private": "bnVsbA==",
          "dependencies": [
            "aws_secretsmanager_secret.interview_secret"
          ]
        }
      ]
    },
    {
      "mode": "managed",
      "type": "aws_iam_policy_attachment",
      "name": "interview_bot_policy_attachment",
      "provider": "provider[\"registry.terraform.io/hashicorp/aws\"]",
      "instances": [
        {
          "schema_version": 0,
          "attributes": {
            "groups": [],
            "id": "interview-bot-policy-attachment",
            "name": "interview-bot-policy-attachment",
            "policy_arn": "arn:aws:iam::834755374850:policy/interview-bot-policy",
            "roles": [
              "interview-bot"
            ],
            "users": []
          },
          "sensitive_attributes": [],
          "private": "bnVsbA==",
          "dependencies": [
            "aws_iam_policy.interview_bot_policy",
            "aws_iam_role.interview_bot",
            "aws_secretsmanager_secret.interview_secret"
          ]
        }
      ]
    },
    {
      "mode": "managed",
      "type": "aws_iam_role",
      "name": "interview_bot",
      "provider": "provider[\"registry.terraform.io/hashicorp/aws\"]",
      "instances": [
        {
          "schema_version": 0,
          "attributes": {
            "arn": "arn:aws:iam::834755374850:role/interview-bot",
            "assume_role_policy": "{\"Statement\":[{\"Action\":\"sts:AssumeRole\",\"Effect\":\"Allow\",\"Principal\":{\"Service\":\"ec2.amazonaws.com\"}}],\"Version\":\"2012-10-17\"}",
            "create_date": "2023-04-24T19:21:53Z",
            "description": "",
            "force_detach_policies": false,
            "id": "interview-bot",
            "inline_policy": [
              {
                "name": "INTERVIEWBOTSTS",
                "policy": "{\"Version\":\"2012-10-17\",\"Statement\":[{\"Action\":\"sts:AssumeRole\",\"Effect\":\"Allow\",\"Resource\":\"arn:aws:iam::834755374850:role/interview-bot\"}]}"
              }
            ],
            "managed_policy_arns": [
              "arn:aws:iam::834755374850:policy/interview-bot-policy",
              "arn:aws:iam::aws:policy/AdministratorAccess",
              "arn:aws:iam::aws:policy/job-function/SystemAdministrator"
            ],
            "max_session_duration": 3600,
            "name": "interview-bot",
            "name_prefix": "",
            "path": "/",
            "permissions_boundary": null,
            "tags": {},
            "tags_all": {},
            "unique_id": "AROA4EW2MF4BII3YZU7RI"
          },
          "sensitive_attributes": [],
          "private": "bnVsbA=="
        }
      ]
    },
    {
      "mode": "managed",
      "type": "aws_iam_role",
      "name": "interview_developer",
      "provider": "provider[\"registry.terraform.io/hashicorp/aws\"]",
      "instances": [
        {
          "schema_version": 0,
          "attributes": {
            "arn": "arn:aws:iam::834755374850:role/interview-developer",
            "assume_role_policy": "{\"Statement\":[{\"Action\":\"sts:AssumeRole\",\"Effect\":\"Allow\",\"Principal\":{\"Service\":\"ec2.amazonaws.com\"}}],\"Version\":\"2012-10-17\"}",
            "create_date": "2023-04-24T19:21:53Z",
            "description": "",
            "force_detach_policies": false,
            "id": "interview-developer",
            "inline_policy": [],
            "managed_policy_arns": [],
            "max_session_duration": 3600,
            "name": "interview-developer",
            "name_prefix": "",
            "path": "/",
            "permissions_boundary": null,
            "tags": {},
            "tags_all": {},
            "unique_id": "AROA4EW2MF4BJWCVOA2VR"
          },
          "sensitive_attributes": [],
          "private": "bnVsbA=="
        }
      ]
    },
    {
      "mode": "managed",
      "type": "aws_secretsmanager_secret",
      "name": "interview_secret",
      "provider": "provider[\"registry.terraform.io/hashicorp/aws\"]",
      "instances": [
        {
          "schema_version": 0,
          "attributes": {
            "arn": "arn:aws:secretsmanager:us-west-2:834755374850:secret:extend-interview/Asharib1221-qwITfw",
            "description": "",
            "force_overwrite_replica_secret": false,
            "id": "arn:aws:secretsmanager:us-west-2:834755374850:secret:extend-interview/Asharib1221-qwITfw",
            "kms_key_id": "",
            "name": "extend-interview/Asharib1221",
            "name_prefix": "",
            "policy": "",
            "recovery_window_in_days": 30,
            "replica": [],
            "rotation_enabled": false,
            "rotation_lambda_arn": "",
            "rotation_rules": [],
            "tags": null,
            "tags_all": {}
          },
          "sensitive_attributes": [],
          "private": "bnVsbA=="
        }
      ]
    },
    {
      "mode": "managed",
      "type": "aws_secretsmanager_secret_version",
      "name": "interview_secret_version",
      "provider": "provider[\"registry.terraform.io/hashicorp/aws\"]",
      "instances": [
        {
          "schema_version": 0,
          "attributes": {
            "arn": "arn:aws:secretsmanager:us-west-2:834755374850:secret:extend-interview/Asharib1221-qwITfw",
            "id": "arn:aws:secretsmanager:us-west-2:834755374850:secret:extend-interview/Asharib1221-qwITfw|E14340F9-2F89-40A2-A95C-58C729F5F1FF",
            "secret_binary": "",
            "secret_id": "arn:aws:secretsmanager:us-west-2:834755374850:secret:extend-interview/Asharib1221-qwITfw",
            "secret_string": "04/19/2023",
            "version_id": "E14340F9-2F89-40A2-A95C-58C729F5F1FF",
            "version_stages": [
              "AWSCURRENT"
            ]
          },
          "sensitive_attributes": [],
          "private": "bnVsbA==",
          "dependencies": [
            "aws_secretsmanager_secret.interview_secret"
          ]
        }
      ]
    }
  ],
  "check_results": null
}
